// !$*UTF8*$!
{
	archiveVersion = 1;
	classes = {
	};
	objectVersion = 50;
	objects = {

/* Begin PBXBuildFile section */
		6882696C2657B6B900214DB4 /* PlantInfo.swift in Sources */ = {isa = PBXBuildFile; fileRef = 6882696B2657B6B900214DB4 /* PlantInfo.swift */; };
		68A55A33266A291C009D5098 /* Plant.swift in Sources */ = {isa = PBXBuildFile; fileRef = 68A55A32266A291C009D5098 /* Plant.swift */; };
		68A55A3A266A4962009D5098 /* PlantModel.swift in Sources */ = {isa = PBXBuildFile; fileRef = 68A55A39266A4962009D5098 /* PlantModel.swift */; };
		68A55A3D266A4B3D009D5098 /* PlantData.swift in Sources */ = {isa = PBXBuildFile; fileRef = 68A55A3C266A4B3D009D5098 /* PlantData.swift */; };
		853210F4266A2A4800674969 /* ProfileCard.swift in Sources */ = {isa = PBXBuildFile; fileRef = 853210F3266A2A4800674969 /* ProfileCard.swift */; };
		853210F6266A2DDD00674969 /* ProfilePlant.swift in Sources */ = {isa = PBXBuildFile; fileRef = 853210F5266A2DDD00674969 /* ProfilePlant.swift */; };
		855B03622657AA78002730AB /* PlantjeWaterApp.swift in Sources */ = {isa = PBXBuildFile; fileRef = 855B03612657AA78002730AB /* PlantjeWaterApp.swift */; };
		855B03642657AA78002730AB /* ContentView.swift in Sources */ = {isa = PBXBuildFile; fileRef = 855B03632657AA78002730AB /* ContentView.swift */; };
		855B03662657AA7B002730AB /* Assets.xcassets in Resources */ = {isa = PBXBuildFile; fileRef = 855B03652657AA7B002730AB /* Assets.xcassets */; };
		855B03692657AA7B002730AB /* Preview Assets.xcassets in Resources */ = {isa = PBXBuildFile; fileRef = 855B03682657AA7B002730AB /* Preview Assets.xcassets */; };
		855B036B2657AA7B002730AB /* Persistence.swift in Sources */ = {isa = PBXBuildFile; fileRef = 855B036A2657AA7B002730AB /* Persistence.swift */; };
		855B036E2657AA7B002730AB /* PlantjeWater.xcdatamodeld in Sources */ = {isa = PBXBuildFile; fileRef = 855B036C2657AA7B002730AB /* PlantjeWater.xcdatamodeld */; };
		855B03772657B59F002730AB /* HomeView.swift in Sources */ = {isa = PBXBuildFile; fileRef = 855B03762657B59F002730AB /* HomeView.swift */; };
		855B037B2657B5CE002730AB /* PlantView.swift in Sources */ = {isa = PBXBuildFile; fileRef = 855B037A2657B5CE002730AB /* PlantView.swift */; };
		855B037D2657B5DE002730AB /* ProfileView.swift in Sources */ = {isa = PBXBuildFile; fileRef = 855B037C2657B5DE002730AB /* ProfileView.swift */; };
		855B037F2657B5F1002730AB /* PlantDetailView.swift in Sources */ = {isa = PBXBuildFile; fileRef = 855B037E2657B5F1002730AB /* PlantDetailView.swift */; };
		855B03812657B602002730AB /* SettingsView.swift in Sources */ = {isa = PBXBuildFile; fileRef = 855B03802657B602002730AB /* SettingsView.swift */; };
		85CB792026735991003F637D /* ListRow.swift in Sources */ = {isa = PBXBuildFile; fileRef = 85CB791F26735991003F637D /* ListRow.swift */; };
		85CB792226735A64003F637D /* SpeciesData.swift in Sources */ = {isa = PBXBuildFile; fileRef = 85CB792126735A64003F637D /* SpeciesData.swift */; };
		85CB792426735AB0003F637D /* SpeciesModel.swift in Sources */ = {isa = PBXBuildFile; fileRef = 85CB792326735AB0003F637D /* SpeciesModel.swift */; };
/* End PBXBuildFile section */

/* Begin PBXFileReference section */
		6882696B2657B6B900214DB4 /* PlantInfo.swift */ = {isa = PBXFileReference; lastKnownFileType = sourcecode.swift; path = PlantInfo.swift; sourceTree = "<group>"; };
		68A55A32266A291C009D5098 /* Plant.swift */ = {isa = PBXFileReference; lastKnownFileType = sourcecode.swift; path = Plant.swift; sourceTree = "<group>"; };
		68A55A39266A4962009D5098 /* PlantModel.swift */ = {isa = PBXFileReference; lastKnownFileType = sourcecode.swift; path = PlantModel.swift; sourceTree = "<group>"; };
		68A55A3C266A4B3D009D5098 /* PlantData.swift */ = {isa = PBXFileReference; lastKnownFileType = sourcecode.swift; path = PlantData.swift; sourceTree = "<group>"; };
		853210F3266A2A4800674969 /* ProfileCard.swift */ = {isa = PBXFileReference; lastKnownFileType = sourcecode.swift; path = ProfileCard.swift; sourceTree = "<group>"; };
		853210F5266A2DDD00674969 /* ProfilePlant.swift */ = {isa = PBXFileReference; lastKnownFileType = sourcecode.swift; path = ProfilePlant.swift; sourceTree = "<group>"; };
		855B035E2657AA78002730AB /* PlantjeWater.app */ = {isa = PBXFileReference; explicitFileType = wrapper.application; includeInIndex = 0; path = PlantjeWater.app; sourceTree = BUILT_PRODUCTS_DIR; };
		855B03612657AA78002730AB /* PlantjeWaterApp.swift */ = {isa = PBXFileReference; lastKnownFileType = sourcecode.swift; path = PlantjeWaterApp.swift; sourceTree = "<group>"; };
		855B03632657AA78002730AB /* ContentView.swift */ = {isa = PBXFileReference; lastKnownFileType = sourcecode.swift; path = ContentView.swift; sourceTree = "<group>"; };
		855B03652657AA7B002730AB /* Assets.xcassets */ = {isa = PBXFileReference; lastKnownFileType = folder.assetcatalog; path = Assets.xcassets; sourceTree = "<group>"; };
		855B03682657AA7B002730AB /* Preview Assets.xcassets */ = {isa = PBXFileReference; lastKnownFileType = folder.assetcatalog; path = "Preview Assets.xcassets"; sourceTree = "<group>"; };
		855B036A2657AA7B002730AB /* Persistence.swift */ = {isa = PBXFileReference; lastKnownFileType = sourcecode.swift; path = Persistence.swift; sourceTree = "<group>"; };
		855B036D2657AA7B002730AB /* PlantjeWater.xcdatamodel */ = {isa = PBXFileReference; lastKnownFileType = wrapper.xcdatamodel; path = PlantjeWater.xcdatamodel; sourceTree = "<group>"; };
		855B036F2657AA7B002730AB /* Info.plist */ = {isa = PBXFileReference; lastKnownFileType = text.plist.xml; path = Info.plist; sourceTree = "<group>"; };
		855B03762657B59F002730AB /* HomeView.swift */ = {isa = PBXFileReference; lastKnownFileType = sourcecode.swift; path = HomeView.swift; sourceTree = "<group>"; };
		855B037A2657B5CE002730AB /* PlantView.swift */ = {isa = PBXFileReference; lastKnownFileType = sourcecode.swift; path = PlantView.swift; sourceTree = "<group>"; };
		855B037C2657B5DE002730AB /* ProfileView.swift */ = {isa = PBXFileReference; lastKnownFileType = sourcecode.swift; path = ProfileView.swift; sourceTree = "<group>"; };
		855B037E2657B5F1002730AB /* PlantDetailView.swift */ = {isa = PBXFileReference; lastKnownFileType = sourcecode.swift; path = PlantDetailView.swift; sourceTree = "<group>"; };
		855B03802657B602002730AB /* SettingsView.swift */ = {isa = PBXFileReference; lastKnownFileType = sourcecode.swift; path = SettingsView.swift; sourceTree = "<group>"; };
		85CB791F26735991003F637D /* ListRow.swift */ = {isa = PBXFileReference; lastKnownFileType = sourcecode.swift; path = ListRow.swift; sourceTree = "<group>"; };
		85CB792126735A64003F637D /* SpeciesData.swift */ = {isa = PBXFileReference; lastKnownFileType = sourcecode.swift; path = SpeciesData.swift; sourceTree = "<group>"; };
		85CB792326735AB0003F637D /* SpeciesModel.swift */ = {isa = PBXFileReference; lastKnownFileType = sourcecode.swift; path = SpeciesModel.swift; sourceTree = "<group>"; };
/* End PBXFileReference section */

/* Begin PBXFrameworksBuildPhase section */
		855B035B2657AA78002730AB /* Frameworks */ = {
			isa = PBXFrameworksBuildPhase;
			buildActionMask = 2147483647;
			files = (
			);
			runOnlyForDeploymentPostprocessing = 0;
		};
/* End PBXFrameworksBuildPhase section */

/* Begin PBXGroup section */
		6882696A2657B68F00214DB4 /* Components */ = {
			isa = PBXGroup;
			children = (
				6882696B2657B6B900214DB4 /* PlantInfo.swift */,
				68A55A32266A291C009D5098 /* Plant.swift */,
				853210F3266A2A4800674969 /* ProfileCard.swift */,
				853210F5266A2DDD00674969 /* ProfilePlant.swift */,
				85CB791F26735991003F637D /* ListRow.swift */,
			);
			path = Components;
			sourceTree = "<group>";
		};
		68A55A38266A493F009D5098 /* Struct */ = {
			isa = PBXGroup;
			children = (
				68A55A39266A4962009D5098 /* PlantModel.swift */,
				85CB792326735AB0003F637D /* SpeciesModel.swift */,
			);
			path = Struct;
			sourceTree = "<group>";
		};
		68A55A3B266A4B09009D5098 /* Data */ = {
			isa = PBXGroup;
			children = (
				68A55A3C266A4B3D009D5098 /* PlantData.swift */,
				85CB792126735A64003F637D /* SpeciesData.swift */,
			);
			path = Data;
			sourceTree = "<group>";
		};
		855B03552657AA78002730AB = {
			isa = PBXGroup;
			children = (
				855B03602657AA78002730AB /* PlantjeWater */,
				855B035F2657AA78002730AB /* Products */,
			);
			sourceTree = "<group>";
		};
		855B035F2657AA78002730AB /* Products */ = {
			isa = PBXGroup;
			children = (
				855B035E2657AA78002730AB /* PlantjeWater.app */,
			);
			name = Products;
			sourceTree = "<group>";
		};
		855B03602657AA78002730AB /* PlantjeWater */ = {
			isa = PBXGroup;
			children = (
				6882696A2657B68F00214DB4 /* Components */,
				855B03752657B58A002730AB /* Views */,
				855B03612657AA78002730AB /* PlantjeWaterApp.swift */,
				68A55A38266A493F009D5098 /* Struct */,
				68A55A3B266A4B09009D5098 /* Data */,
				855B03632657AA78002730AB /* ContentView.swift */,
				855B03652657AA7B002730AB /* Assets.xcassets */,
				855B036A2657AA7B002730AB /* Persistence.swift */,
				855B036F2657AA7B002730AB /* Info.plist */,
				855B036C2657AA7B002730AB /* PlantjeWater.xcdatamodeld */,
				855B03672657AA7B002730AB /* Preview Content */,
			);
			path = PlantjeWater;
			sourceTree = "<group>";
		};
		855B03672657AA7B002730AB /* Preview Content */ = {
			isa = PBXGroup;
			children = (
				855B03682657AA7B002730AB /* Preview Assets.xcassets */,
			);
			path = "Preview Content";
			sourceTree = "<group>";
		};
		855B03752657B58A002730AB /* Views */ = {
			isa = PBXGroup;
			children = (
				855B03762657B59F002730AB /* HomeView.swift */,
				855B037A2657B5CE002730AB /* PlantView.swift */,
				855B037C2657B5DE002730AB /* ProfileView.swift */,
				855B037E2657B5F1002730AB /* PlantDetailView.swift */,
				855B03802657B602002730AB /* SettingsView.swift */,
			);
			path = Views;
			sourceTree = "<group>";
		};
/* End PBXGroup section */

/* Begin PBXNativeTarget section */
		855B035D2657AA78002730AB /* PlantjeWater */ = {
			isa = PBXNativeTarget;
			buildConfigurationList = 855B03722657AA7B002730AB /* Build configuration list for PBXNativeTarget "PlantjeWater" */;
			buildPhases = (
				855B035A2657AA78002730AB /* Sources */,
				855B035B2657AA78002730AB /* Frameworks */,
				855B035C2657AA78002730AB /* Resources */,
			);
			buildRules = (
			);
			dependencies = (
			);
			name = PlantjeWater;
			productName = PlantjeWater;
			productReference = 855B035E2657AA78002730AB /* PlantjeWater.app */;
			productType = "com.apple.product-type.application";
		};
/* End PBXNativeTarget section */

/* Begin PBXProject section */
		855B03562657AA78002730AB /* Project object */ = {
			isa = PBXProject;
			attributes = {
				LastSwiftUpdateCheck = 1250;
				LastUpgradeCheck = 1250;
				TargetAttributes = {
					855B035D2657AA78002730AB = {
						CreatedOnToolsVersion = 12.5;
					};
				};
			};
			buildConfigurationList = 855B03592657AA78002730AB /* Build configuration list for PBXProject "PlantjeWater" */;
			compatibilityVersion = "Xcode 9.3";
			developmentRegion = en;
			hasScannedForEncodings = 0;
			knownRegions = (
				en,
				Base,
			);
			mainGroup = 855B03552657AA78002730AB;
			productRefGroup = 855B035F2657AA78002730AB /* Products */;
			projectDirPath = "";
			projectRoot = "";
			targets = (
				855B035D2657AA78002730AB /* PlantjeWater */,
			);
		};
/* End PBXProject section */

/* Begin PBXResourcesBuildPhase section */
		855B035C2657AA78002730AB /* Resources */ = {
			isa = PBXResourcesBuildPhase;
			buildActionMask = 2147483647;
			files = (
				855B03692657AA7B002730AB /* Preview Assets.xcassets in Resources */,
				855B03662657AA7B002730AB /* Assets.xcassets in Resources */,
			);
			runOnlyForDeploymentPostprocessing = 0;
		};
/* End PBXResourcesBuildPhase section */

/* Begin PBXSourcesBuildPhase section */
		855B035A2657AA78002730AB /* Sources */ = {
			isa = PBXSourcesBuildPhase;
			buildActionMask = 2147483647;
			files = (
				68A55A3D266A4B3D009D5098 /* PlantData.swift in Sources */,
				855B037D2657B5DE002730AB /* ProfileView.swift in Sources */,
				68A55A33266A291C009D5098 /* Plant.swift in Sources */,
				855B036B2657AA7B002730AB /* Persistence.swift in Sources */,
				6882696C2657B6B900214DB4 /* PlantInfo.swift in Sources */,
				85CB792426735AB0003F637D /* SpeciesModel.swift in Sources */,
				855B03642657AA78002730AB /* ContentView.swift in Sources */,
				855B037B2657B5CE002730AB /* PlantView.swift in Sources */,
				85CB792026735991003F637D /* ListRow.swift in Sources */,
				853210F6266A2DDD00674969 /* ProfilePlant.swift in Sources */,
				855B037F2657B5F1002730AB /* PlantDetailView.swift in Sources */,
				855B03812657B602002730AB /* SettingsView.swift in Sources */,
				68A55A3A266A4962009D5098 /* PlantModel.swift in Sources */,
				855B036E2657AA7B002730AB /* PlantjeWater.xcdatamodeld in Sources */,
				85CB792226735A64003F637D /* SpeciesData.swift in Sources */,
				855B03772657B59F002730AB /* HomeView.swift in Sources */,
				855B03622657AA78002730AB /* PlantjeWaterApp.swift in Sources */,
				853210F4266A2A4800674969 /* ProfileCard.swift in Sources */,
			);
			runOnlyForDeploymentPostprocessing = 0;
		};
/* End PBXSourcesBuildPhase section */

/* Begin XCBuildConfiguration section */
		855B03702657AA7B002730AB /* Debug */ = {
			isa = XCBuildConfiguration;
			buildSettings = {
				ALWAYS_SEARCH_USER_PATHS = NO;
				CLANG_ANALYZER_NONNULL = YES;
				CLANG_ANALYZER_NUMBER_OBJECT_CONVERSION = YES_AGGRESSIVE;
				CLANG_CXX_LANGUAGE_STANDARD = "gnu++14";
				CLANG_CXX_LIBRARY = "libc++";
				CLANG_ENABLE_MODULES = YES;
				CLANG_ENABLE_OBJC_ARC = YES;
				CLANG_ENABLE_OBJC_WEAK = YES;
				CLANG_WARN_BLOCK_CAPTURE_AUTORELEASING = YES;
				CLANG_WARN_BOOL_CONVERSION = YES;
				CLANG_WARN_COMMA = YES;
				CLANG_WARN_CONSTANT_CONVERSION = YES;
				CLANG_WARN_DEPRECATED_OBJC_IMPLEMENTATIONS = YES;
				CLANG_WARN_DIRECT_OBJC_ISA_USAGE = YES_ERROR;
				CLANG_WARN_DOCUMENTATION_COMMENTS = YES;
				CLANG_WARN_EMPTY_BODY = YES;
				CLANG_WARN_ENUM_CONVERSION = YES;
				CLANG_WARN_INFINITE_RECURSION = YES;
				CLANG_WARN_INT_CONVERSION = YES;
				CLANG_WARN_NON_LITERAL_NULL_CONVERSION = YES;
				CLANG_WARN_OBJC_IMPLICIT_RETAIN_SELF = YES;
				CLANG_WARN_OBJC_LITERAL_CONVERSION = YES;
				CLANG_WARN_OBJC_ROOT_CLASS = YES_ERROR;
				CLANG_WARN_QUOTED_INCLUDE_IN_FRAMEWORK_HEADER = YES;
				CLANG_WARN_RANGE_LOOP_ANALYSIS = YES;
				CLANG_WARN_STRICT_PROTOTYPES = YES;
				CLANG_WARN_SUSPICIOUS_MOVE = YES;
				CLANG_WARN_UNGUARDED_AVAILABILITY = YES_AGGRESSIVE;
				CLANG_WARN_UNREACHABLE_CODE = YES;
				CLANG_WARN__DUPLICATE_METHOD_MATCH = YES;
				COPY_PHASE_STRIP = NO;
				DEBUG_INFORMATION_FORMAT = dwarf;
				ENABLE_STRICT_OBJC_MSGSEND = YES;
				ENABLE_TESTABILITY = YES;
				GCC_C_LANGUAGE_STANDARD = gnu11;
				GCC_DYNAMIC_NO_PIC = NO;
				GCC_NO_COMMON_BLOCKS = YES;
				GCC_OPTIMIZATION_LEVEL = 0;
				GCC_PREPROCESSOR_DEFINITIONS = (
					"DEBUG=1",
					"$(inherited)",
				);
				GCC_WARN_64_TO_32_BIT_CONVERSION = YES;
				GCC_WARN_ABOUT_RETURN_TYPE = YES_ERROR;
				GCC_WARN_UNDECLARED_SELECTOR = YES;
				GCC_WARN_UNINITIALIZED_AUTOS = YES_AGGRESSIVE;
				GCC_WARN_UNUSED_FUNCTION = YES;
				GCC_WARN_UNUSED_VARIABLE = YES;
				IPHONEOS_DEPLOYMENT_TARGET = 14.5;
				MTL_ENABLE_DEBUG_INFO = INCLUDE_SOURCE;
				MTL_FAST_MATH = YES;
				ONLY_ACTIVE_ARCH = YES;
				SDKROOT = iphoneos;
				SWIFT_ACTIVE_COMPILATION_CONDITIONS = DEBUG;
				SWIFT_OPTIMIZATION_LEVEL = "-Onone";
			};
			name = Debug;
		};
		855B03712657AA7B002730AB /* Release */ = {
			isa = XCBuildConfiguration;
			buildSettings = {
				ALWAYS_SEARCH_USER_PATHS = NO;
				CLANG_ANALYZER_NONNULL = YES;
				CLANG_ANALYZER_NUMBER_OBJECT_CONVERSION = YES_AGGRESSIVE;
				CLANG_CXX_LANGUAGE_STANDARD = "gnu++14";
				CLANG_CXX_LIBRARY = "libc++";
				CLANG_ENABLE_MODULES = YES;
				CLANG_ENABLE_OBJC_ARC = YES;
				CLANG_ENABLE_OBJC_WEAK = YES;
				CLANG_WARN_BLOCK_CAPTURE_AUTORELEASING = YES;
				CLANG_WARN_BOOL_CONVERSION = YES;
				CLANG_WARN_COMMA = YES;
				CLANG_WARN_CONSTANT_CONVERSION = YES;
				CLANG_WARN_DEPRECATED_OBJC_IMPLEMENTATIONS = YES;
				CLANG_WARN_DIRECT_OBJC_ISA_USAGE = YES_ERROR;
				CLANG_WARN_DOCUMENTATION_COMMENTS = YES;
				CLANG_WARN_EMPTY_BODY = YES;
				CLANG_WARN_ENUM_CONVERSION = YES;
				CLANG_WARN_INFINITE_RECURSION = YES;
				CLANG_WARN_INT_CONVERSION = YES;
				CLANG_WARN_NON_LITERAL_NULL_CONVERSION = YES;
				CLANG_WARN_OBJC_IMPLICIT_RETAIN_SELF = YES;
				CLANG_WARN_OBJC_LITERAL_CONVERSION = YES;
				CLANG_WARN_OBJC_ROOT_CLASS = YES_ERROR;
				CLANG_WARN_QUOTED_INCLUDE_IN_FRAMEWORK_HEADER = YES;
				CLANG_WARN_RANGE_LOOP_ANALYSIS = YES;
				CLANG_WARN_STRICT_PROTOTYPES = YES;
				CLANG_WARN_SUSPICIOUS_MOVE = YES;
				CLANG_WARN_UNGUARDED_AVAILABILITY = YES_AGGRESSIVE;
				CLANG_WARN_UNREACHABLE_CODE = YES;
				CLANG_WARN__DUPLICATE_METHOD_MATCH = YES;
				COPY_PHASE_STRIP = NO;
				DEBUG_INFORMATION_FORMAT = "dwarf-with-dsym";
				ENABLE_NS_ASSERTIONS = NO;
				ENABLE_STRICT_OBJC_MSGSEND = YES;
				GCC_C_LANGUAGE_STANDARD = gnu11;
				GCC_NO_COMMON_BLOCKS = YES;
				GCC_WARN_64_TO_32_BIT_CONVERSION = YES;
				GCC_WARN_ABOUT_RETURN_TYPE = YES_ERROR;
				GCC_WARN_UNDECLARED_SELECTOR = YES;
				GCC_WARN_UNINITIALIZED_AUTOS = YES_AGGRESSIVE;
				GCC_WARN_UNUSED_FUNCTION = YES;
				GCC_WARN_UNUSED_VARIABLE = YES;
				IPHONEOS_DEPLOYMENT_TARGET = 14.5;
				MTL_ENABLE_DEBUG_INFO = NO;
				MTL_FAST_MATH = YES;
				SDKROOT = iphoneos;
				SWIFT_COMPILATION_MODE = wholemodule;
				SWIFT_OPTIMIZATION_LEVEL = "-O";
				VALIDATE_PRODUCT = YES;
			};
			name = Release;
		};
		855B03732657AA7B002730AB /* Debug */ = {
			isa = XCBuildConfiguration;
			buildSettings = {
				ASSETCATALOG_COMPILER_APPICON_NAME = AppIcon;
				ASSETCATALOG_COMPILER_GLOBAL_ACCENT_COLOR_NAME = AccentColor;
				CODE_SIGN_STYLE = Automatic;
				DEVELOPMENT_ASSET_PATHS = "\"PlantjeWater/Preview Content\"";
				DEVELOPMENT_TEAM = ZZXJRG6S83;
				ENABLE_PREVIEWS = YES;
				INFOPLIST_FILE = PlantjeWater/Info.plist;
				IPHONEOS_DEPLOYMENT_TARGET = 14.0;
				LD_RUNPATH_SEARCH_PATHS = (
					"$(inherited)",
					"@executable_path/Frameworks",
				);
				PRODUCT_BUNDLE_IDENTIFIER = com.estellemeijer.PlantjeWater;
				PRODUCT_NAME = "$(TARGET_NAME)";
				SWIFT_VERSION = 5.0;
				TARGETED_DEVICE_FAMILY = "1,2";
			};
			name = Debug;
		};
		855B03742657AA7B002730AB /* Release */ = {
			isa = XCBuildConfiguration;
			buildSettings = {
				ASSETCATALOG_COMPILER_APPICON_NAME = AppIcon;
				ASSETCATALOG_COMPILER_GLOBAL_ACCENT_COLOR_NAME = AccentColor;
				CODE_SIGN_STYLE = Automatic;
				DEVELOPMENT_ASSET_PATHS = "\"PlantjeWater/Preview Content\"";
				DEVELOPMENT_TEAM = ZZXJRG6S83;
				ENABLE_PREVIEWS = YES;
				INFOPLIST_FILE = PlantjeWater/Info.plist;
				IPHONEOS_DEPLOYMENT_TARGET = 14.0;
				LD_RUNPATH_SEARCH_PATHS = (
					"$(inherited)",
					"@executable_path/Frameworks",
				);
				PRODUCT_BUNDLE_IDENTIFIER = com.estellemeijer.PlantjeWater;
				PRODUCT_NAME = "$(TARGET_NAME)";
				SWIFT_VERSION = 5.0;
				TARGETED_DEVICE_FAMILY = "1,2";
			};
			name = Release;
		};
/* End XCBuildConfiguration section */

/* Begin XCConfigurationList section */
		855B03592657AA78002730AB /* Build configuration list for PBXProject "PlantjeWater" */ = {
			isa = XCConfigurationList;
			buildConfigurations = (
				855B03702657AA7B002730AB /* Debug */,
				855B03712657AA7B002730AB /* Release */,
			);
			defaultConfigurationIsVisible = 0;
			defaultConfigurationName = Release;
		};
		855B03722657AA7B002730AB /* Build configuration list for PBXNativeTarget "PlantjeWater" */ = {
			isa = XCConfigurationList;
			buildConfigurations = (
				855B03732657AA7B002730AB /* Debug */,
				855B03742657AA7B002730AB /* Release */,
			);
			defaultConfigurationIsVisible = 0;
			defaultConfigurationName = Release;
		};
/* End XCConfigurationList section */

/* Begin XCVersionGroup section */
		855B036C2657AA7B002730AB /* PlantjeWater.xcdatamodeld */ = {
			isa = XCVersionGroup;
			children = (
				855B036D2657AA7B002730AB /* PlantjeWater.xcdatamodel */,
			);
			currentVersion = 855B036D2657AA7B002730AB /* PlantjeWater.xcdatamodel */;
			path = PlantjeWater.xcdatamodeld;
			sourceTree = "<group>";
			versionGroupType = wrapper.xcdatamodel;
		};
/* End XCVersionGroup section */
	};
	rootObject = 855B03562657AA78002730AB /* Project object */;
}
